
Microsoft Visual Studio Solution File, Format Version 12.00
# Visual Studio Version 17
VisualStudioVersion = 17.5.2.0
MinimumVisualStudioVersion = 10.0.40219.1
Project("{FAE04EC0-301F-11D3-BF4B-00C04F79EFBC}") = "PasswordManager", "PasswordManager\PasswordManager.csproj", "{4C1D1373-F6B0-8B25-0547-412211614160}"
EndProject
Project("{FAE04EC0-301F-11D3-BF4B-00C04F79EFBC}") = "PasswordManager.Security", "PasswordManager.Security\PasswordManager.Security.csproj", "{FD0672FC-FA0F-489C-8A44-3E867F4D5E41}"
EndProject
Project("{FAE04EC0-301F-11D3-BF4B-00C04F79EFBC}") = "PasswordHashGeneratorTool", "PasswordHashGenerator\PasswordHashGeneratorTool.csproj", "{1A6F9E33-F129-4B80-A85C-2B8C0F433367}"
EndProject
Global
	GlobalSection(SolutionConfigurationPlatforms) = preSolution
		Debug|Any CPU = Debug|Any CPU
		Debug|x64 = Debug|x64
		Debug|x86 = Debug|x86
		Release|Any CPU = Release|Any CPU
		Release|x64 = Release|x64
		Release|x86 = Release|x86
	EndGlobalSection
	GlobalSection(ProjectConfigurationPlatforms) = postSolution
		{4C1D1373-F6B0-8B25-0547-412211614160}.Debug|Any CPU.ActiveCfg = Debug|Any CPU
		{4C1D1373-F6B0-8B25-0547-412211614160}.Debug|Any CPU.Build.0 = Debug|Any CPU
		{4C1D1373-F6B0-8B25-0547-412211614160}.Debug|x64.ActiveCfg = Debug|Any CPU
		{4C1D1373-F6B0-8B25-0547-412211614160}.Debug|x64.Build.0 = Debug|Any CPU
		{4C1D1373-F6B0-8B25-0547-412211614160}.Debug|x86.ActiveCfg = Debug|Any CPU
		{4C1D1373-F6B0-8B25-0547-412211614160}.Debug|x86.Build.0 = Debug|Any CPU
		{4C1D1373-F6B0-8B25-0547-412211614160}.Release|Any CPU.ActiveCfg = Release|Any CPU
		{4C1D1373-F6B0-8B25-0547-412211614160}.Release|Any CPU.Build.0 = Release|Any CPU
		{4C1D1373-F6B0-8B25-0547-412211614160}.Release|x64.ActiveCfg = Release|Any CPU
		{4C1D1373-F6B0-8B25-0547-412211614160}.Release|x64.Build.0 = Release|Any CPU
		{4C1D1373-F6B0-8B25-0547-412211614160}.Release|x86.ActiveCfg = Release|Any CPU
		{4C1D1373-F6B0-8B25-0547-412211614160}.Release|x86.Build.0 = Release|Any CPU
		{FD0672FC-FA0F-489C-8A44-3E867F4D5E41}.Debug|Any CPU.ActiveCfg = Debug|Any CPU
		{FD0672FC-FA0F-489C-8A44-3E867F4D5E41}.Debug|Any CPU.Build.0 = Debug|Any CPU
		{FD0672FC-FA0F-489C-8A44-3E867F4D5E41}.Debug|x64.ActiveCfg = Debug|Any CPU
		{FD0672FC-FA0F-489C-8A44-3E867F4D5E41}.Debug|x64.Build.0 = Debug|Any CPU
		{FD0672FC-FA0F-489C-8A44-3E867F4D5E41}.Debug|x86.ActiveCfg = Debug|Any CPU
		{FD0672FC-FA0F-489C-8A44-3E867F4D5E41}.Debug|x86.Build.0 = Debug|Any CPU
		{FD0672FC-FA0F-489C-8A44-3E867F4D5E41}.Release|Any CPU.ActiveCfg = Release|Any CPU
		{FD0672FC-FA0F-489C-8A44-3E867F4D5E41}.Release|Any CPU.Build.0 = Release|Any CPU
		{FD0672FC-FA0F-489C-8A44-3E867F4D5E41}.Release|x64.ActiveCfg = Release|Any CPU
		{FD0672FC-FA0F-489C-8A44-3E867F4D5E41}.Release|x64.Build.0 = Release|Any CPU
		{FD0672FC-FA0F-489C-8A44-3E867F4D5E41}.Release|x86.ActiveCfg = Release|Any CPU
		{FD0672FC-FA0F-489C-8A44-3E867F4D5E41}.Release|x86.Build.0 = Release|Any CPU
		{1A6F9E33-F129-4B80-A85C-2B8C0F433367}.Debug|Any CPU.ActiveCfg = Debug|Any CPU
		{1A6F9E33-F129-4B80-A85C-2B8C0F433367}.Debug|Any CPU.Build.0 = Debug|Any CPU
		{1A6F9E33-F129-4B80-A85C-2B8C0F433367}.Debug|x64.ActiveCfg = Debug|Any CPU
		{1A6F9E33-F129-4B80-A85C-2B8C0F433367}.Debug|x64.Build.0 = Debug|Any CPU
		{1A6F9E33-F129-4B80-A85C-2B8C0F433367}.Debug|x86.ActiveCfg = Debug|Any CPU
		{1A6F9E33-F129-4B80-A85C-2B8C0F433367}.Debug|x86.Build.0 = Debug|Any CPU
		{1A6F9E33-F129-4B80-A85C-2B8C0F433367}.Release|Any CPU.ActiveCfg = Release|Any CPU
		{1A6F9E33-F129-4B80-A85C-2B8C0F433367}.Release|Any CPU.Build.0 = Release|Any CPU
		{1A6F9E33-F129-4B80-A85C-2B8C0F433367}.Release|x64.ActiveCfg = Release|Any CPU
		{1A6F9E33-F129-4B80-A85C-2B8C0F433367}.Release|x64.Build.0 = Release|Any CPU
		{1A6F9E33-F129-4B80-A85C-2B8C0F433367}.Release|x86.ActiveCfg = Release|Any CPU
		{1A6F9E33-F129-4B80-A85C-2B8C0F433367}.Release|x86.Build.0 = Release|Any CPU
	EndGlobalSection
	GlobalSection(SolutionProperties) = preSolution
		HideSolutionNode = FALSE
	EndGlobalSection
	GlobalSection(ExtensibilityGlobals) = postSolution
		SolutionGuid = {511A5BBD-ADBD-4225-986D-9CCF4D707C59}
	EndGlobalSection
EndGlobal
